
Microsoft Visual Studio Solution File, Format Version 12.00
# Visual Studio Version 16
VisualStudioVersion = 16.6.30114.105
MinimumVisualStudioVersion = 10.0.40219.1
Project("{2150E333-8FDC-42A3-9474-1A3956D46DE8}") = "src", "src", "{7847D179-6B5F-4AC1-8D96-89622F8C0D0A}"
EndProject
Project("{FAE04EC0-301F-11D3-BF4B-00C04F79EFBC}") = "GradeBook", "src\GradeBook\GradeBook.csproj", "{F9064260-7001-4D0E-A108-0FC023D1A920}"
EndProject
Project("{2150E333-8FDC-42A3-9474-1A3956D46DE8}") = "test", "test", "{BE4E6A27-767F-4E31-A648-E077B182E7B9}"
EndProject
Project("{FAE04EC0-301F-11D3-BF4B-00C04F79EFBC}") = "GradeBook.Tests", "test\GradeBook.Tests\GradeBook.Tests.csproj", "{56995699-2ABE-4BDE-9B0C-4AFF4CB2F1D5}"
EndProject
Global
	GlobalSection(SolutionConfigurationPlatforms) = preSolution
		Debug|Any CPU = Debug|Any CPU
		Debug|x64 = Debug|x64
		Debug|x86 = Debug|x86
		Release|Any CPU = Release|Any CPU
		Release|x64 = Release|x64
		Release|x86 = Release|x86
	EndGlobalSection
	GlobalSection(SolutionProperties) = preSolution
		HideSolutionNode = FALSE
	EndGlobalSection
	GlobalSection(ProjectConfigurationPlatforms) = postSolution
		{F9064260-7001-4D0E-A108-0FC023D1A920}.Debug|Any CPU.ActiveCfg = Debug|Any CPU
		{F9064260-7001-4D0E-A108-0FC023D1A920}.Debug|Any CPU.Build.0 = Debug|Any CPU
		{F9064260-7001-4D0E-A108-0FC023D1A920}.Debug|x64.ActiveCfg = Debug|Any CPU
		{F9064260-7001-4D0E-A108-0FC023D1A920}.Debug|x64.Build.0 = Debug|Any CPU
		{F9064260-7001-4D0E-A108-0FC023D1A920}.Debug|x86.ActiveCfg = Debug|Any CPU
		{F9064260-7001-4D0E-A108-0FC023D1A920}.Debug|x86.Build.0 = Debug|Any CPU
		{F9064260-7001-4D0E-A108-0FC023D1A920}.Release|Any CPU.ActiveCfg = Release|Any CPU
		{F9064260-7001-4D0E-A108-0FC023D1A920}.Release|Any CPU.Build.0 = Release|Any CPU
		{F9064260-7001-4D0E-A108-0FC023D1A920}.Release|x64.ActiveCfg = Release|Any CPU
		{F9064260-7001-4D0E-A108-0FC023D1A920}.Release|x64.Build.0 = Release|Any CPU
		{F9064260-7001-4D0E-A108-0FC023D1A920}.Release|x86.ActiveCfg = Release|Any CPU
		{F9064260-7001-4D0E-A108-0FC023D1A920}.Release|x86.Build.0 = Release|Any CPU
		{56995699-2ABE-4BDE-9B0C-4AFF4CB2F1D5}.Debug|Any CPU.ActiveCfg = Debug|Any CPU
		{56995699-2ABE-4BDE-9B0C-4AFF4CB2F1D5}.Debug|Any CPU.Build.0 = Debug|Any CPU
		{56995699-2ABE-4BDE-9B0C-4AFF4CB2F1D5}.Debug|x64.ActiveCfg = Debug|Any CPU
		{56995699-2ABE-4BDE-9B0C-4AFF4CB2F1D5}.Debug|x64.Build.0 = Debug|Any CPU
		{56995699-2ABE-4BDE-9B0C-4AFF4CB2F1D5}.Debug|x86.ActiveCfg = Debug|Any CPU
		{56995699-2ABE-4BDE-9B0C-4AFF4CB2F1D5}.Debug|x86.Build.0 = Debug|Any CPU
		{56995699-2ABE-4BDE-9B0C-4AFF4CB2F1D5}.Release|Any CPU.ActiveCfg = Release|Any CPU
		{56995699-2ABE-4BDE-9B0C-4AFF4CB2F1D5}.Release|Any CPU.Build.0 = Release|Any CPU
		{56995699-2ABE-4BDE-9B0C-4AFF4CB2F1D5}.Release|x64.ActiveCfg = Release|Any CPU
		{56995699-2ABE-4BDE-9B0C-4AFF4CB2F1D5}.Release|x64.Build.0 = Release|Any CPU
		{56995699-2ABE-4BDE-9B0C-4AFF4CB2F1D5}.Release|x86.ActiveCfg = Release|Any CPU
		{56995699-2ABE-4BDE-9B0C-4AFF4CB2F1D5}.Release|x86.Build.0 = Release|Any CPU
	EndGlobalSection
	GlobalSection(NestedProjects) = preSolution
		{F9064260-7001-4D0E-A108-0FC023D1A920} = {7847D179-6B5F-4AC1-8D96-89622F8C0D0A}
		{56995699-2ABE-4BDE-9B0C-4AFF4CB2F1D5} = {BE4E6A27-767F-4E31-A648-E077B182E7B9}
	EndGlobalSection
EndGlobal
